// !$*UTF8*$!
{
	archiveVersion = 1;
	classes = {
	};
	objectVersion = 50;
	objects = {

/* Begin PBXBuildFile section */
		303DE7802664479100615779 /* AppDelegate.swift in Sources */ = {isa = PBXBuildFile; fileRef = 303DE77F2664479100615779 /* AppDelegate.swift */; };
		303DE7822664479100615779 /* SceneDelegate.swift in Sources */ = {isa = PBXBuildFile; fileRef = 303DE7812664479100615779 /* SceneDelegate.swift */; };
		303DE7872664479100615779 /* Main.storyboard in Resources */ = {isa = PBXBuildFile; fileRef = 303DE7852664479100615779 /* Main.storyboard */; };
		303DE7892664479500615779 /* Assets.xcassets in Resources */ = {isa = PBXBuildFile; fileRef = 303DE7882664479500615779 /* Assets.xcassets */; };
		303DE78C2664479500615779 /* LaunchScreen.storyboard in Resources */ = {isa = PBXBuildFile; fileRef = 303DE78A2664479500615779 /* LaunchScreen.storyboard */; };
		303DE7952664485200615779 /* XKCDKit.swift in Sources */ = {isa = PBXBuildFile; fileRef = 303DE7942664485200615779 /* XKCDKit.swift */; };
		303DE797266449D000615779 /* Comic.swift in Sources */ = {isa = PBXBuildFile; fileRef = 303DE796266449D000615779 /* Comic.swift */; };
		308BF03D26649B6A002B43C1 /* xkcd.otf in Resources */ = {isa = PBXBuildFile; fileRef = 303DE7932664482900615779 /* xkcd.otf */; };
		308BF03F2664A15B002B43C1 /* XKCDViewController.swift in Sources */ = {isa = PBXBuildFile; fileRef = 308BF03E2664A15A002B43C1 /* XKCDViewController.swift */; };
		308BF0412664A4D4002B43C1 /* Extensions.swift in Sources */ = {isa = PBXBuildFile; fileRef = 308BF0402664A4D4002B43C1 /* Extensions.swift */; };
/* End PBXBuildFile section */

/* Begin PBXFileReference section */
		303DE77C2664479100615779 /* XKCD.app */ = {isa = PBXFileReference; explicitFileType = wrapper.application; includeInIndex = 0; path = XKCD.app; sourceTree = BUILT_PRODUCTS_DIR; };
		303DE77F2664479100615779 /* AppDelegate.swift */ = {isa = PBXFileReference; lastKnownFileType = sourcecode.swift; path = AppDelegate.swift; sourceTree = "<group>"; };
		303DE7812664479100615779 /* SceneDelegate.swift */ = {isa = PBXFileReference; lastKnownFileType = sourcecode.swift; path = SceneDelegate.swift; sourceTree = "<group>"; };
		303DE7862664479100615779 /* Base */ = {isa = PBXFileReference; lastKnownFileType = file.storyboard; name = Base; path = Base.lproj/Main.storyboard; sourceTree = "<group>"; };
		303DE7882664479500615779 /* Assets.xcassets */ = {isa = PBXFileReference; lastKnownFileType = folder.assetcatalog; path = Assets.xcassets; sourceTree = "<group>"; };
		303DE78B2664479500615779 /* Base */ = {isa = PBXFileReference; lastKnownFileType = file.storyboard; name = Base; path = Base.lproj/LaunchScreen.storyboard; sourceTree = "<group>"; };
		303DE78D2664479500615779 /* Info.plist */ = {isa = PBXFileReference; lastKnownFileType = text.plist.xml; path = Info.plist; sourceTree = "<group>"; };
		303DE7932664482900615779 /* xkcd.otf */ = {isa = PBXFileReference; lastKnownFileType = file; path = xkcd.otf; sourceTree = "<group>"; };
		303DE7942664485200615779 /* XKCDKit.swift */ = {isa = PBXFileReference; lastKnownFileType = sourcecode.swift; path = XKCDKit.swift; sourceTree = "<group>"; };
		303DE796266449D000615779 /* Comic.swift */ = {isa = PBXFileReference; lastKnownFileType = sourcecode.swift; path = Comic.swift; sourceTree = "<group>"; };
		308BF03E2664A15A002B43C1 /* XKCDViewController.swift */ = {isa = PBXFileReference; lastKnownFileType = sourcecode.swift; path = XKCDViewController.swift; sourceTree = "<group>"; };
		308BF0402664A4D4002B43C1 /* Extensions.swift */ = {isa = PBXFileReference; lastKnownFileType = sourcecode.swift; path = Extensions.swift; sourceTree = "<group>"; };
/* End PBXFileReference section */

/* Begin PBXFrameworksBuildPhase section */
		303DE7792664479100615779 /* Frameworks */ = {
			isa = PBXFrameworksBuildPhase;
			buildActionMask = 2147483647;
			files = (
			);
			runOnlyForDeploymentPostprocessing = 0;
		};
/* End PBXFrameworksBuildPhase section */

/* Begin PBXGroup section */
		303DE7732664479100615779 = {
			isa = PBXGroup;
			children = (
				303DE77E2664479100615779 /* XKCD */,
				303DE77D2664479100615779 /* Products */,
			);
			sourceTree = "<group>";
		};
		303DE77D2664479100615779 /* Products */ = {
			isa = PBXGroup;
			children = (
				303DE77C2664479100615779 /* XKCD.app */,
			);
			name = Products;
			sourceTree = "<group>";
		};
		303DE77E2664479100615779 /* XKCD */ = {
			isa = PBXGroup;
			children = (
				303DE77F2664479100615779 /* AppDelegate.swift */,
				303DE7812664479100615779 /* SceneDelegate.swift */,
				303DE7942664485200615779 /* XKCDKit.swift */,
				303DE796266449D000615779 /* Comic.swift */,
				303DE7852664479100615779 /* Main.storyboard */,
				308BF03E2664A15A002B43C1 /* XKCDViewController.swift */,
				308BF0402664A4D4002B43C1 /* Extensions.swift */,
				303DE7882664479500615779 /* Assets.xcassets */,
				303DE78A2664479500615779 /* LaunchScreen.storyboard */,
				303DE7932664482900615779 /* xkcd.otf */,
				303DE78D2664479500615779 /* Info.plist */,
			);
			path = XKCD;
			sourceTree = "<group>";
		};
/* End PBXGroup section */

/* Begin PBXNativeTarget section */
		303DE77B2664479100615779 /* XKCD */ = {
			isa = PBXNativeTarget;
			buildConfigurationList = 303DE7902664479500615779 /* Build configuration list for PBXNativeTarget "XKCD" */;
			buildPhases = (
				303DE7782664479100615779 /* Sources */,
				303DE7792664479100615779 /* Frameworks */,
				303DE77A2664479100615779 /* Resources */,
			);
			buildRules = (
			);
			dependencies = (
			);
			name = XKCD;
			productName = XKCD;
			productReference = 303DE77C2664479100615779 /* XKCD.app */;
			productType = "com.apple.product-type.application";
		};
/* End PBXNativeTarget section */

/* Begin PBXProject section */
		303DE7742664479100615779 /* Project object */ = {
			isa = PBXProject;
			attributes = {
				LastSwiftUpdateCheck = 1250;
				LastUpgradeCheck = 1250;
				TargetAttributes = {
					303DE77B2664479100615779 = {
						CreatedOnToolsVersion = 12.5;
					};
				};
			};
			buildConfigurationList = 303DE7772664479100615779 /* Build configuration list for PBXProject "XKCD" */;
			compatibilityVersion = "Xcode 9.3";
			developmentRegion = en;
			hasScannedForEncodings = 0;
			knownRegions = (
				en,
				Base,
			);
			mainGroup = 303DE7732664479100615779;
			productRefGroup = 303DE77D2664479100615779 /* Products */;
			projectDirPath = "";
			projectRoot = "";
			targets = (
				303DE77B2664479100615779 /* XKCD */,
			);
		};
/* End PBXProject section */

/* Begin PBXResourcesBuildPhase section */
		303DE77A2664479100615779 /* Resources */ = {
			isa = PBXResourcesBuildPhase;
			buildActionMask = 2147483647;
			files = (
				303DE78C2664479500615779 /* LaunchScreen.storyboard in Resources */,
				308BF03D26649B6A002B43C1 /* xkcd.otf in Resources */,
				303DE7892664479500615779 /* Assets.xcassets in Resources */,
				303DE7872664479100615779 /* Main.storyboard in Resources */,
			);
			runOnlyForDeploymentPostprocessing = 0;
		};
/* End PBXResourcesBuildPhase section */

/* Begin PBXSourcesBuildPhase section */
		303DE7782664479100615779 /* Sources */ = {
			isa = PBXSourcesBuildPhase;
			buildActionMask = 2147483647;
			files = (
				303DE7802664479100615779 /* AppDelegate.swift in Sources */,
				308BF0412664A4D4002B43C1 /* Extensions.swift in Sources */,
				303DE797266449D000615779 /* Comic.swift in Sources */,
				303DE7952664485200615779 /* XKCDKit.swift in Sources */,
				308BF03F2664A15B002B43C1 /* XKCDViewController.swift in Sources */,
				303DE7822664479100615779 /* SceneDelegate.swift in Sources */,
			);
			runOnlyForDeploymentPostprocessing = 0;
		};
/* End PBXSourcesBuildPhase section */

/* Begin PBXVariantGroup section */
		303DE7852664479100615779 /* Main.storyboard */ = {
			isa = PBXVariantGroup;
			children = (
				303DE7862664479100615779 /* Base */,
			);
			name = Main.storyboard;
			sourceTree = "<group>";
		};
		303DE78A2664479500615779 /* LaunchScreen.storyboard */ = {
			isa = PBXVariantGroup;
			children = (
				303DE78B2664479500615779 /* Base */,
			);
			name = LaunchScreen.storyboard;
			sourceTree = "<group>";
		};
/* End PBXVariantGroup section */

/* Begin XCBuildConfiguration section */
		303DE78E2664479500615779 /* Debug */ = {
			isa = XCBuildConfiguration;
			buildSettings = {
				ALWAYS_SEARCH_USER_PATHS = NO;
				CLANG_ANALYZER_NONNULL = YES;
				CLANG_ANALYZER_NUMBER_OBJECT_CONVERSION = YES_AGGRESSIVE;
				CLANG_CXX_LANGUAGE_STANDARD = "gnu++14";
				CLANG_CXX_LIBRARY = "libc++";
				CLANG_ENABLE_MODULES = YES;
				CLANG_ENABLE_OBJC_ARC = YES;
				CLANG_ENABLE_OBJC_WEAK = YES;
				CLANG_WARN_BLOCK_CAPTURE_AUTORELEASING = YES;
				CLANG_WARN_BOOL_CONVERSION = YES;
				CLANG_WARN_COMMA = YES;
				CLANG_WARN_CONSTANT_CONVERSION = YES;
				CLANG_WARN_DEPRECATED_OBJC_IMPLEMENTATIONS = YES;
				CLANG_WARN_DIRECT_OBJC_ISA_USAGE = YES_ERROR;
				CLANG_WARN_DOCUMENTATION_COMMENTS = YES;
				CLANG_WARN_EMPTY_BODY = YES;
				CLANG_WARN_ENUM_CONVERSION = YES;
				CLANG_WARN_INFINITE_RECURSION = YES;
				CLANG_WARN_INT_CONVERSION = YES;
				CLANG_WARN_NON_LITERAL_NULL_CONVERSION = YES;
				CLANG_WARN_OBJC_IMPLICIT_RETAIN_SELF = YES;
				CLANG_WARN_OBJC_LITERAL_CONVERSION = YES;
				CLANG_WARN_OBJC_ROOT_CLASS = YES_ERROR;
				CLANG_WARN_QUOTED_INCLUDE_IN_FRAMEWORK_HEADER = YES;
				CLANG_WARN_RANGE_LOOP_ANALYSIS = YES;
				CLANG_WARN_STRICT_PROTOTYPES = YES;
				CLANG_WARN_SUSPICIOUS_MOVE = YES;
				CLANG_WARN_UNGUARDED_AVAILABILITY = YES_AGGRESSIVE;
				CLANG_WARN_UNREACHABLE_CODE = YES;
				CLANG_WARN__DUPLICATE_METHOD_MATCH = YES;
				COPY_PHASE_STRIP = NO;
				DEBUG_INFORMATION_FORMAT = dwarf;
				ENABLE_STRICT_OBJC_MSGSEND = YES;
				ENABLE_TESTABILITY = YES;
				GCC_C_LANGUAGE_STANDARD = gnu11;
				GCC_DYNAMIC_NO_PIC = NO;
				GCC_NO_COMMON_BLOCKS = YES;
				GCC_OPTIMIZATION_LEVEL = 0;
				GCC_PREPROCESSOR_DEFINITIONS = (
					"DEBUG=1",
					"$(inherited)",
				);
				GCC_WARN_64_TO_32_BIT_CONVERSION = YES;
				GCC_WARN_ABOUT_RETURN_TYPE = YES_ERROR;
				GCC_WARN_UNDECLARED_SELECTOR = YES;
				GCC_WARN_UNINITIALIZED_AUTOS = YES_AGGRESSIVE;
				GCC_WARN_UNUSED_FUNCTION = YES;
				GCC_WARN_UNUSED_VARIABLE = YES;
				IPHONEOS_DEPLOYMENT_TARGET = 14.5;
				MTL_ENABLE_DEBUG_INFO = INCLUDE_SOURCE;
				MTL_FAST_MATH = YES;
				ONLY_ACTIVE_ARCH = YES;
				SDKROOT = iphoneos;
				SWIFT_ACTIVE_COMPILATION_CONDITIONS = DEBUG;
				SWIFT_OPTIMIZATION_LEVEL = "-Onone";
			};
			name = Debug;
		};
		303DE78F2664479500615779 /* Release */ = {
			isa = XCBuildConfiguration;
			buildSettings = {
				ALWAYS_SEARCH_USER_PATHS = NO;
				CLANG_ANALYZER_NONNULL = YES;
				CLANG_ANALYZER_NUMBER_OBJECT_CONVERSION = YES_AGGRESSIVE;
				CLANG_CXX_LANGUAGE_STANDARD = "gnu++14";
				CLANG_CXX_LIBRARY = "libc++";
				CLANG_ENABLE_MODULES = YES;
				CLANG_ENABLE_OBJC_ARC = YES;
				CLANG_ENABLE_OBJC_WEAK = YES;
				CLANG_WARN_BLOCK_CAPTURE_AUTORELEASING = YES;
				CLANG_WARN_BOOL_CONVERSION = YES;
				CLANG_WARN_COMMA = YES;
				CLANG_WARN_CONSTANT_CONVERSION = YES;
				CLANG_WARN_DEPRECATED_OBJC_IMPLEMENTATIONS = YES;
				CLANG_WARN_DIRECT_OBJC_ISA_USAGE = YES_ERROR;
				CLANG_WARN_DOCUMENTATION_COMMENTS = YES;
				CLANG_WARN_EMPTY_BODY = YES;
				CLANG_WARN_ENUM_CONVERSION = YES;
				CLANG_WARN_INFINITE_RECURSION = YES;
				CLANG_WARN_INT_CONVERSION = YES;
				CLANG_WARN_NON_LITERAL_NULL_CONVERSION = YES;
				CLANG_WARN_OBJC_IMPLICIT_RETAIN_SELF = YES;
				CLANG_WARN_OBJC_LITERAL_CONVERSION = YES;
				CLANG_WARN_OBJC_ROOT_CLASS = YES_ERROR;
				CLANG_WARN_QUOTED_INCLUDE_IN_FRAMEWORK_HEADER = YES;
				CLANG_WARN_RANGE_LOOP_ANALYSIS = YES;
				CLANG_WARN_STRICT_PROTOTYPES = YES;
				CLANG_WARN_SUSPICIOUS_MOVE = YES;
				CLANG_WARN_UNGUARDED_AVAILABILITY = YES_AGGRESSIVE;
				CLANG_WARN_UNREACHABLE_CODE = YES;
				CLANG_WARN__DUPLICATE_METHOD_MATCH = YES;
				COPY_PHASE_STRIP = NO;
				DEBUG_INFORMATION_FORMAT = "dwarf-with-dsym";
				ENABLE_NS_ASSERTIONS = NO;
				ENABLE_STRICT_OBJC_MSGSEND = YES;
				GCC_C_LANGUAGE_STANDARD = gnu11;
				GCC_NO_COMMON_BLOCKS = YES;
				GCC_WARN_64_TO_32_BIT_CONVERSION = YES;
				GCC_WARN_ABOUT_RETURN_TYPE = YES_ERROR;
				GCC_WARN_UNDECLARED_SELECTOR = YES;
				GCC_WARN_UNINITIALIZED_AUTOS = YES_AGGRESSIVE;
				GCC_WARN_UNUSED_FUNCTION = YES;
				GCC_WARN_UNUSED_VARIABLE = YES;
				IPHONEOS_DEPLOYMENT_TARGET = 14.5;
				MTL_ENABLE_DEBUG_INFO = NO;
				MTL_FAST_MATH = YES;
				SDKROOT = iphoneos;
				SWIFT_COMPILATION_MODE = wholemodule;
				SWIFT_OPTIMIZATION_LEVEL = "-O";
				VALIDATE_PRODUCT = YES;
			};
			name = Release;
		};
		303DE7912664479500615779 /* Debug */ = {
			isa = XCBuildConfiguration;
			buildSettings = {
				ASSETCATALOG_COMPILER_APPICON_NAME = AppIcon;
				ASSETCATALOG_COMPILER_GLOBAL_ACCENT_COLOR_NAME = AccentColor;
				CODE_SIGN_STYLE = Automatic;
				DEVELOPMENT_TEAM = 2J3WW2KWBU;
				INFOPLIST_FILE = XKCD/Info.plist;
				LD_RUNPATH_SEARCH_PATHS = (
					"$(inherited)",
					"@executable_path/Frameworks",
				);
				PRODUCT_BUNDLE_IDENTIFIER = com.aritropaul.XKCD;
				PRODUCT_NAME = "$(TARGET_NAME)";
				SWIFT_VERSION = 5.0;
				TARGETED_DEVICE_FAMILY = "1,2";
			};
			name = Debug;
		};
		303DE7922664479500615779 /* Release */ = {
			isa = XCBuildConfiguration;
			buildSettings = {
				ASSETCATALOG_COMPILER_APPICON_NAME = AppIcon;
				ASSETCATALOG_COMPILER_GLOBAL_ACCENT_COLOR_NAME = AccentColor;
				CODE_SIGN_STYLE = Automatic;
				DEVELOPMENT_TEAM = 2J3WW2KWBU;
				INFOPLIST_FILE = XKCD/Info.plist;
				LD_RUNPATH_SEARCH_PATHS = (
					"$(inherited)",
					"@executable_path/Frameworks",
				);
				PRODUCT_BUNDLE_IDENTIFIER = com.aritropaul.XKCD;
				PRODUCT_NAME = "$(TARGET_NAME)";
				SWIFT_VERSION = 5.0;
				TARGETED_DEVICE_FAMILY = "1,2";
			};
			name = Release;
		};
/* End XCBuildConfiguration section */

/* Begin XCConfigurationList section */
		303DE7772664479100615779 /* Build configuration list for PBXProject "XKCD" */ = {
			isa = XCConfigurationList;
			buildConfigurations = (
				303DE78E2664479500615779 /* Debug */,
				303DE78F2664479500615779 /* Release */,
			);
			defaultConfigurationIsVisible = 0;
			defaultConfigurationName = Release;
		};
		303DE7902664479500615779 /* Build configuration list for PBXNativeTarget "XKCD" */ = {
			isa = XCConfigurationList;
			buildConfigurations = (
				303DE7912664479500615779 /* Debug */,
				303DE7922664479500615779 /* Release */,
			);
			defaultConfigurationIsVisible = 0;
			defaultConfigurationName = Release;
		};
/* End XCConfigurationList section */
	};
	rootObject = 303DE7742664479100615779 /* Project object */;
}
